
Microsoft Visual Studio Solution File, Format Version 12.00
# Visual Studio 15
VisualStudioVersion = 15.0.28307.106
MinimumVisualStudioVersion = 10.0.40219.1
Project("{2150E333-8FDC-42A3-9474-1A3956D46DE8}") = "Solution Items", "Solution Items", "{D2E8CE16-E712-4CF3-8CA3-3E0864ABA273}"
	ProjectSection(SolutionItems) = preProject
		README.md = README.md
	EndProjectSection
EndProject
Project("{6EC3EE1D-3C4E-46DD-8F32-0CC8E7565705}") = "SpanAlgebra", "IntervalAlgebra\SpanAlgebra.fsproj", "{BC23CC4B-068D-4370-8CB9-E4B382BA4839}"
EndProject
Project("{6EC3EE1D-3C4E-46DD-8F32-0CC8E7565705}") = "SpanAlgebraTests", "IntervalAlgebraTests\SpanAlgebraTests.fsproj", "{FD9704E7-B1CD-43A0-AFC5-C98E2C2B4F75}"
EndProject
Global
	GlobalSection(SolutionConfigurationPlatforms) = preSolution
		Debug|Any CPU = Debug|Any CPU
		Release|Any CPU = Release|Any CPU
	EndGlobalSection
	GlobalSection(ProjectConfigurationPlatforms) = postSolution
		{BC23CC4B-068D-4370-8CB9-E4B382BA4839}.Debug|Any CPU.ActiveCfg = Debug|Any CPU
		{BC23CC4B-068D-4370-8CB9-E4B382BA4839}.Debug|Any CPU.Build.0 = Debug|Any CPU
		{BC23CC4B-068D-4370-8CB9-E4B382BA4839}.Release|Any CPU.ActiveCfg = Release|Any CPU
		{BC23CC4B-068D-4370-8CB9-E4B382BA4839}.Release|Any CPU.Build.0 = Release|Any CPU
		{FD9704E7-B1CD-43A0-AFC5-C98E2C2B4F75}.Debug|Any CPU.ActiveCfg = Debug|Any CPU
		{FD9704E7-B1CD-43A0-AFC5-C98E2C2B4F75}.Debug|Any CPU.Build.0 = Debug|Any CPU
		{FD9704E7-B1CD-43A0-AFC5-C98E2C2B4F75}.Release|Any CPU.ActiveCfg = Release|Any CPU
		{FD9704E7-B1CD-43A0-AFC5-C98E2C2B4F75}.Release|Any CPU.Build.0 = Release|Any CPU
	EndGlobalSection
	GlobalSection(SolutionProperties) = preSolution
		HideSolutionNode = FALSE
	EndGlobalSection
	GlobalSection(ExtensibilityGlobals) = postSolution
		SolutionGuid = {2871E9D5-BA3A-4BAC-AEEC-9F80939C0F57}
	EndGlobalSection
EndGlobal
